
Microsoft Visual Studio Solution File, Format Version 12.00
# Visual Studio Version 16
VisualStudioVersion = 25.0.1705.6
MinimumVisualStudioVersion = 10.0.40219.1
Project("{FAE04EC0-301F-11D3-BF4B-00C04F79EFBC}") = "dotnet-api", "dotnet-api\dotnet-api.csproj", "{F689BA10-82A3-47BC-925A-E13AE4717DF1}"
EndProject
Global
	GlobalSection(SolutionConfigurationPlatforms) = preSolution
		Debug|Any CPU = Debug|Any CPU
		Release|Any CPU = Release|Any CPU
	EndGlobalSection
	GlobalSection(ProjectConfigurationPlatforms) = postSolution
		{F689BA10-82A3-47BC-925A-E13AE4717DF1}.Debug|Any CPU.ActiveCfg = Debug|Any CPU
		{F689BA10-82A3-47BC-925A-E13AE4717DF1}.Debug|Any CPU.Build.0 = Debug|Any CPU
		{F689BA10-82A3-47BC-925A-E13AE4717DF1}.Release|Any CPU.ActiveCfg = Release|Any CPU
		{F689BA10-82A3-47BC-925A-E13AE4717DF1}.Release|Any CPU.Build.0 = Release|Any CPU
	EndGlobalSection
	GlobalSection(SolutionProperties) = preSolution
		HideSolutionNode = FALSE
	EndGlobalSection
	GlobalSection(ExtensibilityGlobals) = postSolution
		SolutionGuid = {EF48FA93-007B-48A1-B876-D373215CA2B7}
	EndGlobalSection
EndGlobal
